
Microsoft Visual Studio Solution File, Format Version 12.00
# Visual Studio Version 17
VisualStudioVersion = 17.3.32929.385
MinimumVisualStudioVersion = 10.0.40219.1
Project("{FAE04EC0-301F-11D3-BF4B-00C04F79EFBC}") = "LineComparsionProblem", "LineComparsionProblem.csproj", "{A85C32AF-02B8-46CE-B64B-EC02F3AEEE72}"
EndProject
Global
	GlobalSection(SolutionConfigurationPlatforms) = preSolution
		Debug|Any CPU = Debug|Any CPU
		Release|Any CPU = Release|Any CPU
	EndGlobalSection
	GlobalSection(ProjectConfigurationPlatforms) = postSolution
		{A85C32AF-02B8-46CE-B64B-EC02F3AEEE72}.Debug|Any CPU.ActiveCfg = Debug|Any CPU
		{A85C32AF-02B8-46CE-B64B-EC02F3AEEE72}.Debug|Any CPU.Build.0 = Debug|Any CPU
		{A85C32AF-02B8-46CE-B64B-EC02F3AEEE72}.Release|Any CPU.ActiveCfg = Release|Any CPU
		{A85C32AF-02B8-46CE-B64B-EC02F3AEEE72}.Release|Any CPU.Build.0 = Release|Any CPU
	EndGlobalSection
	GlobalSection(SolutionProperties) = preSolution
		HideSolutionNode = FALSE
	EndGlobalSection
	GlobalSection(ExtensibilityGlobals) = postSolution
		SolutionGuid = {5C5D4EE1-DFF5-44A1-A208-F37303CBE023}
	EndGlobalSection
EndGlobal
